
Microsoft Visual Studio Solution File, Format Version 12.00
# Visual Studio Version 16
VisualStudioVersion = 16.0.30011.22
MinimumVisualStudioVersion = 10.0.40219.1
Project("{FAE04EC0-301F-11D3-BF4B-00C04F79EFBC}") = "PdfTable", "PdfTable\PdfTable.csproj", "{CDA9644B-1504-46A8-8A9C-5B514817BDB5}"
EndProject
Global
	GlobalSection(SolutionConfigurationPlatforms) = preSolution
		Debug|Any CPU = Debug|Any CPU
		Release|Any CPU = Release|Any CPU
	EndGlobalSection
	GlobalSection(ProjectConfigurationPlatforms) = postSolution
		{CDA9644B-1504-46A8-8A9C-5B514817BDB5}.Debug|Any CPU.ActiveCfg = Debug|Any CPU
		{CDA9644B-1504-46A8-8A9C-5B514817BDB5}.Debug|Any CPU.Build.0 = Debug|Any CPU
		{CDA9644B-1504-46A8-8A9C-5B514817BDB5}.Release|Any CPU.ActiveCfg = Release|Any CPU
		{CDA9644B-1504-46A8-8A9C-5B514817BDB5}.Release|Any CPU.Build.0 = Release|Any CPU
	EndGlobalSection
	GlobalSection(SolutionProperties) = preSolution
		HideSolutionNode = FALSE
	EndGlobalSection
	GlobalSection(ExtensibilityGlobals) = postSolution
		SolutionGuid = {C10A6D7A-A65D-489C-94FE-0D2AFA35CED5}
	EndGlobalSection
EndGlobal
